
Microsoft Visual Studio Solution File, Format Version 12.00
Project("{2150E333-8FDC-42A3-9474-1A3956D46DE8}") = "src", "src", "{99BC377F-1D4E-4F66-97F3-1E511EC2D17C}"
EndProject
Project("{2150E333-8FDC-42A3-9474-1A3956D46DE8}") = "Modules", "Modules", "{D4387388-D6D0-4DA4-A3CD-4E0B06F7B636}"
EndProject
Project("{2150E333-8FDC-42A3-9474-1A3956D46DE8}") = "Order", "Order", "{5E1EA91D-75C1-4276-8696-6BC2C56685B8}"
EndProject
Project("{2150E333-8FDC-42A3-9474-1A3956D46DE8}") = "Customer", "Customer", "{2DC8CE8A-5266-425A-83DF-15702FA759D0}"
	ProjectSection(SolutionItems) = preProject
		src\Modules\Customer\ReadMe.md = src\Modules\Customer\ReadMe.md
	EndProjectSection
EndProject
Project("{2150E333-8FDC-42A3-9474-1A3956D46DE8}") = "Catalog", "Catalog", "{FE9EE169-E939-41CB-A01A-DF1D0B428FB3}"
	ProjectSection(SolutionItems) = preProject
		src\Modules\Catalog\ReadMe.md = src\Modules\Catalog\ReadMe.md
	EndProjectSection
EndProject
Project("{2150E333-8FDC-42A3-9474-1A3956D46DE8}") = "Inventory", "Inventory", "{F4D8A8CC-1338-405C-848A-F64D83C97074}"
	ProjectSection(SolutionItems) = preProject
		src\Modules\Inventory\ReadMe.md = src\Modules\Inventory\ReadMe.md
	EndProjectSection
EndProject
Project("{2150E333-8FDC-42A3-9474-1A3956D46DE8}") = "Payment", "Payment", "{D1584F18-DC10-4911-9BA3-67068011FC99}"
EndProject
Project("{FAE04EC0-301F-11D3-BF4B-00C04F79EFBC}") = "ManagementSystem.App", "src\App\ManagementSystem.App\ManagementSystem.App.csproj", "{EC744070-C346-4644-8D47-FBFC3C380CFF}"
EndProject
Project("{2150E333-8FDC-42A3-9474-1A3956D46DE8}") = "App", "App", "{FB593882-4F19-4866-B5EA-235B07E4DFA2}"
EndProject
Project("{2150E333-8FDC-42A3-9474-1A3956D46DE8}") = "BuildingBlocks", "BuildingBlocks", "{D5CAEB69-F5BB-4B4E-BA13-2F9A37AABCAC}"
EndProject
Project("{2150E333-8FDC-42A3-9474-1A3956D46DE8}") = "Shared", "Shared", "{943D0002-1880-4353-A93C-1698ADC09A0A}"
EndProject
Project("{FAE04EC0-301F-11D3-BF4B-00C04F79EFBC}") = "Order.Application", "src\Modules\Order\Order.Application\Order.Application.csproj", "{88687479-48D5-4BCF-9D98-5973C1A5B8C8}"
EndProject
Project("{FAE04EC0-301F-11D3-BF4B-00C04F79EFBC}") = "Order.Domain", "src\Modules\Order\Order.Domain\Order.Domain.csproj", "{787BCCF7-2724-4637-9EC0-90F343571C65}"
EndProject
Project("{FAE04EC0-301F-11D3-BF4B-00C04F79EFBC}") = "Order.Infrastructure", "src\Modules\Order\Order.Infrastructure\Order.Infrastructure.csproj", "{AB10B6D1-76E7-47A4-A32C-823CA299EF95}"
EndProject
Project("{FAE04EC0-301F-11D3-BF4B-00C04F79EFBC}") = "Domain.Shared", "src\BuildingBlocks\Shared\Domain.Shared\Domain.Shared.csproj", "{2F31899A-88F6-443B-87C4-A4660F2750C7}"
EndProject
Project("{FAE04EC0-301F-11D3-BF4B-00C04F79EFBC}") = "Payment.Application", "src\Modules\Payment\Payment.Application\Payment.Application.csproj", "{55638E6D-5294-4132-A788-09BD88FFAAA7}"
EndProject
Project("{FAE04EC0-301F-11D3-BF4B-00C04F79EFBC}") = "Payment.Domain", "src\Modules\Payment\Payment.Domain\Payment.Domain.csproj", "{14E9FD02-4973-48FB-9166-B1B8F45B755D}"
EndProject
Project("{FAE04EC0-301F-11D3-BF4B-00C04F79EFBC}") = "Payment.Infrastructure", "src\Modules\Payment\Payment.Infrastructure\Payment.Infrastructure.csproj", "{928A7020-856C-47B4-A6A8-062156C425C5}"
EndProject
Global
	GlobalSection(SolutionConfigurationPlatforms) = preSolution
		Debug|Any CPU = Debug|Any CPU
		Release|Any CPU = Release|Any CPU
	EndGlobalSection
	GlobalSection(NestedProjects) = preSolution
		{D4387388-D6D0-4DA4-A3CD-4E0B06F7B636} = {99BC377F-1D4E-4F66-97F3-1E511EC2D17C}
		{5E1EA91D-75C1-4276-8696-6BC2C56685B8} = {D4387388-D6D0-4DA4-A3CD-4E0B06F7B636}
		{2DC8CE8A-5266-425A-83DF-15702FA759D0} = {D4387388-D6D0-4DA4-A3CD-4E0B06F7B636}
		{FE9EE169-E939-41CB-A01A-DF1D0B428FB3} = {D4387388-D6D0-4DA4-A3CD-4E0B06F7B636}
		{F4D8A8CC-1338-405C-848A-F64D83C97074} = {D4387388-D6D0-4DA4-A3CD-4E0B06F7B636}
		{D1584F18-DC10-4911-9BA3-67068011FC99} = {D4387388-D6D0-4DA4-A3CD-4E0B06F7B636}
		{FB593882-4F19-4866-B5EA-235B07E4DFA2} = {99BC377F-1D4E-4F66-97F3-1E511EC2D17C}
		{EC744070-C346-4644-8D47-FBFC3C380CFF} = {FB593882-4F19-4866-B5EA-235B07E4DFA2}
		{D5CAEB69-F5BB-4B4E-BA13-2F9A37AABCAC} = {99BC377F-1D4E-4F66-97F3-1E511EC2D17C}
		{943D0002-1880-4353-A93C-1698ADC09A0A} = {D5CAEB69-F5BB-4B4E-BA13-2F9A37AABCAC}
		{88687479-48D5-4BCF-9D98-5973C1A5B8C8} = {5E1EA91D-75C1-4276-8696-6BC2C56685B8}
		{787BCCF7-2724-4637-9EC0-90F343571C65} = {5E1EA91D-75C1-4276-8696-6BC2C56685B8}
		{AB10B6D1-76E7-47A4-A32C-823CA299EF95} = {5E1EA91D-75C1-4276-8696-6BC2C56685B8}
		{2F31899A-88F6-443B-87C4-A4660F2750C7} = {943D0002-1880-4353-A93C-1698ADC09A0A}
		{55638E6D-5294-4132-A788-09BD88FFAAA7} = {D1584F18-DC10-4911-9BA3-67068011FC99}
		{14E9FD02-4973-48FB-9166-B1B8F45B755D} = {D1584F18-DC10-4911-9BA3-67068011FC99}
		{928A7020-856C-47B4-A6A8-062156C425C5} = {D1584F18-DC10-4911-9BA3-67068011FC99}
	EndGlobalSection
	GlobalSection(ProjectConfigurationPlatforms) = postSolution
		{EC744070-C346-4644-8D47-FBFC3C380CFF}.Debug|Any CPU.ActiveCfg = Debug|Any CPU
		{EC744070-C346-4644-8D47-FBFC3C380CFF}.Debug|Any CPU.Build.0 = Debug|Any CPU
		{EC744070-C346-4644-8D47-FBFC3C380CFF}.Release|Any CPU.ActiveCfg = Release|Any CPU
		{EC744070-C346-4644-8D47-FBFC3C380CFF}.Release|Any CPU.Build.0 = Release|Any CPU
		{88687479-48D5-4BCF-9D98-5973C1A5B8C8}.Debug|Any CPU.ActiveCfg = Debug|Any CPU
		{88687479-48D5-4BCF-9D98-5973C1A5B8C8}.Debug|Any CPU.Build.0 = Debug|Any CPU
		{88687479-48D5-4BCF-9D98-5973C1A5B8C8}.Release|Any CPU.ActiveCfg = Release|Any CPU
		{88687479-48D5-4BCF-9D98-5973C1A5B8C8}.Release|Any CPU.Build.0 = Release|Any CPU
		{787BCCF7-2724-4637-9EC0-90F343571C65}.Debug|Any CPU.ActiveCfg = Debug|Any CPU
		{787BCCF7-2724-4637-9EC0-90F343571C65}.Debug|Any CPU.Build.0 = Debug|Any CPU
		{787BCCF7-2724-4637-9EC0-90F343571C65}.Release|Any CPU.ActiveCfg = Release|Any CPU
		{787BCCF7-2724-4637-9EC0-90F343571C65}.Release|Any CPU.Build.0 = Release|Any CPU
		{AB10B6D1-76E7-47A4-A32C-823CA299EF95}.Debug|Any CPU.ActiveCfg = Debug|Any CPU
		{AB10B6D1-76E7-47A4-A32C-823CA299EF95}.Debug|Any CPU.Build.0 = Debug|Any CPU
		{AB10B6D1-76E7-47A4-A32C-823CA299EF95}.Release|Any CPU.ActiveCfg = Release|Any CPU
		{AB10B6D1-76E7-47A4-A32C-823CA299EF95}.Release|Any CPU.Build.0 = Release|Any CPU
		{2F31899A-88F6-443B-87C4-A4660F2750C7}.Debug|Any CPU.ActiveCfg = Debug|Any CPU
		{2F31899A-88F6-443B-87C4-A4660F2750C7}.Debug|Any CPU.Build.0 = Debug|Any CPU
		{2F31899A-88F6-443B-87C4-A4660F2750C7}.Release|Any CPU.ActiveCfg = Release|Any CPU
		{2F31899A-88F6-443B-87C4-A4660F2750C7}.Release|Any CPU.Build.0 = Release|Any CPU
		{55638E6D-5294-4132-A788-09BD88FFAAA7}.Debug|Any CPU.ActiveCfg = Debug|Any CPU
		{55638E6D-5294-4132-A788-09BD88FFAAA7}.Debug|Any CPU.Build.0 = Debug|Any CPU
		{55638E6D-5294-4132-A788-09BD88FFAAA7}.Release|Any CPU.ActiveCfg = Release|Any CPU
		{55638E6D-5294-4132-A788-09BD88FFAAA7}.Release|Any CPU.Build.0 = Release|Any CPU
		{14E9FD02-4973-48FB-9166-B1B8F45B755D}.Debug|Any CPU.ActiveCfg = Debug|Any CPU
		{14E9FD02-4973-48FB-9166-B1B8F45B755D}.Debug|Any CPU.Build.0 = Debug|Any CPU
		{14E9FD02-4973-48FB-9166-B1B8F45B755D}.Release|Any CPU.ActiveCfg = Release|Any CPU
		{14E9FD02-4973-48FB-9166-B1B8F45B755D}.Release|Any CPU.Build.0 = Release|Any CPU
		{928A7020-856C-47B4-A6A8-062156C425C5}.Debug|Any CPU.ActiveCfg = Debug|Any CPU
		{928A7020-856C-47B4-A6A8-062156C425C5}.Debug|Any CPU.Build.0 = Debug|Any CPU
		{928A7020-856C-47B4-A6A8-062156C425C5}.Release|Any CPU.ActiveCfg = Release|Any CPU
		{928A7020-856C-47B4-A6A8-062156C425C5}.Release|Any CPU.Build.0 = Release|Any CPU
	EndGlobalSection
EndGlobal
